
Microsoft Visual Studio Solution File, Format Version 12.00
# Visual Studio Version 16
VisualStudioVersion = 16.0.32413.511
MinimumVisualStudioVersion = 10.0.40219.1
Project("{2150E333-8FDC-42A3-9474-1A3956D46DE8}") = "Task0", "Task0", "{2B5BAFB4-189D-48E1-8995-6D4168724EA2}"
EndProject
Project("{FAE04EC0-301F-11D3-BF4B-00C04F79EFBC}") = "Tyuiu.NikolaevaAN.Sprint2.Task0.V21", "Tyuiu.NikolaevaAN.Sprint2.Task0.V21\Tyuiu.NikolaevaAN.Sprint2.Task0.V21.csproj", "{74D7D9F3-B1BE-4164-9C82-4681720210CA}"
EndProject
Project("{FAE04EC0-301F-11D3-BF4B-00C04F79EFBC}") = "Tyuiu.NikolaevaAN.Sprint2.Task0.V21.Lib", "Tyuiu.NikolaevaAN.Sprint2.Task0.V21.Lib\Tyuiu.NikolaevaAN.Sprint2.Task0.V21.Lib.csproj", "{8ECB629A-BD3C-4755-8FB1-6DE9005939D9}"
EndProject
Project("{FAE04EC0-301F-11D3-BF4B-00C04F79EFBC}") = "Tyuiu.NikolaevaAN.Sprint2.Task0.V21.Test", "Tyuiu.NikolaevaAN.Sprint2.Task0.V21.Test\Tyuiu.NikolaevaAN.Sprint2.Task0.V21.Test.csproj", "{A544EED0-3C79-4C3A-AEE4-AA1B93676619}"
EndProject
Project("{2150E333-8FDC-42A3-9474-1A3956D46DE8}") = "Task1", "Task1", "{0DDFA950-DF52-45B5-9331-CAF46E1585CE}"
EndProject
Project("{FAE04EC0-301F-11D3-BF4B-00C04F79EFBC}") = "Tyuiu.NikolaevaAN.Sprint2.Task1.V9", "Tyuiu.NikolaevaAN.Sprint2.Task1.V9\Tyuiu.NikolaevaAN.Sprint2.Task1.V9.csproj", "{E75BBF48-1BD5-4D2B-8310-48437C3B1B46}"
EndProject
Project("{FAE04EC0-301F-11D3-BF4B-00C04F79EFBC}") = "Tyuiu.NikolaevaAN.Sprint2.Task1.V9.Lib", "Tyuiu.NikolaevaAN.Sprint2.Task1.V9.Lib\Tyuiu.NikolaevaAN.Sprint2.Task1.V9.Lib.csproj", "{D3091E35-F287-4A0D-B16D-86ABED08B73D}"
EndProject
Project("{FAE04EC0-301F-11D3-BF4B-00C04F79EFBC}") = "Tyuiu.NikolaevaAN.Sprint2.Task1.V9.Test", "Tyuiu.NikolaevaAN.Sprint2.Task1.V9.Test\Tyuiu.NikolaevaAN.Sprint2.Task1.V9.Test.csproj", "{BF146B65-B898-42E8-908A-780ADDB63DFA}"
EndProject
Project("{2150E333-8FDC-42A3-9474-1A3956D46DE8}") = "Task2", "Task2", "{2079C117-4328-4E30-85F6-F33F83735957}"
EndProject
Project("{FAE04EC0-301F-11D3-BF4B-00C04F79EFBC}") = "Tyuiu.NikolaevaAN.Sprint2.Task2.V27", "Tyuiu.NikolaevaAN.Sprint2.Task2.V27\Tyuiu.NikolaevaAN.Sprint2.Task2.V27.csproj", "{4773F4E0-622C-4103-8FED-91ED25AA848D}"
EndProject
Project("{FAE04EC0-301F-11D3-BF4B-00C04F79EFBC}") = "Tyuiu.NikolaevaAN.Sprint2.Task2.V27.Lib", "Tyuiu.NikolaevaAN.Sprint2.Task2.V27.Lib\Tyuiu.NikolaevaAN.Sprint2.Task2.V27.Lib.csproj", "{A2240CA0-B87D-438E-91ED-51D6593FC243}"
EndProject
Project("{FAE04EC0-301F-11D3-BF4B-00C04F79EFBC}") = "Tyuiu.NikolaevaAN.Sprint2.Task2.V27.Test", "Tyuiu.NikolaevaAN.Sprint2.Task2.V27.Test\Tyuiu.NikolaevaAN.Sprint2.Task2.V27.Test.csproj", "{359FEF88-7D99-4B9A-95FE-E4CBC66E3E2F}"
EndProject
Project("{2150E333-8FDC-42A3-9474-1A3956D46DE8}") = "Task3", "Task3", "{E3550D4B-CA27-4C5D-BF57-DF11E07245C9}"
EndProject
Project("{FAE04EC0-301F-11D3-BF4B-00C04F79EFBC}") = "Tyuiu.NikolaevaAN.Sprint2.Task3.V5", "Tyuiu.NikolaevaAN.Sprint2.Task3.V5\Tyuiu.NikolaevaAN.Sprint2.Task3.V5.csproj", "{E1406D3D-2C8B-412F-B3E6-ED4EB8EEC182}"
EndProject
Project("{FAE04EC0-301F-11D3-BF4B-00C04F79EFBC}") = "Tyuiu.NikolaevaAN.Sprint2.Task3.V5.Lib", "Tyuiu.NikolaevaAN.Sprint2.Task3.V5.Lib\Tyuiu.NikolaevaAN.Sprint2.Task3.V5.Lib.csproj", "{9DF5A42F-DDA9-41E6-AA67-C3861CCA380A}"
EndProject
Project("{FAE04EC0-301F-11D3-BF4B-00C04F79EFBC}") = "Tyuiu.NikolaevaAN.Sprint2.Task3.V5.Test", "Tyuiu.NikolaevaAN.Sprint2.Task3.V5.Test\Tyuiu.NikolaevaAN.Sprint2.Task3.V5.Test.csproj", "{75900B72-5293-49FD-921F-535E67820943}"
EndProject
Project("{2150E333-8FDC-42A3-9474-1A3956D46DE8}") = "Task4", "Task4", "{3670190A-A94E-48F3-8D93-CAF6CD3CC5DA}"
EndProject
Project("{FAE04EC0-301F-11D3-BF4B-00C04F79EFBC}") = "Tyuiu.NikolaevaAN.Sprint2.Task4.V25", "Tyuiu.NikolaevaAN.Sprint2.Task4.V25\Tyuiu.NikolaevaAN.Sprint2.Task4.V25.csproj", "{4AC969C3-D1CE-42D6-9C16-A8AC43048B6E}"
EndProject
Project("{FAE04EC0-301F-11D3-BF4B-00C04F79EFBC}") = "Tyuiu.NikolaevaAN.Sprint2.Task4.V25.Lib", "Tyuiu.NikolaevaAN.Sprint2.Task4.V25.Lib\Tyuiu.NikolaevaAN.Sprint2.Task4.V25.Lib.csproj", "{B3D57165-5ECF-428E-9267-23BBEE523B80}"
EndProject
Project("{FAE04EC0-301F-11D3-BF4B-00C04F79EFBC}") = "Tyuiu.NikolaevaAN.Sprint2.Task4.V25.Test", "Tyuiu.NikolaevaAN.Sprint2.Task4.V25.Test\Tyuiu.NikolaevaAN.Sprint2.Task4.V25.Test.csproj", "{1727EEF7-3F09-456E-A901-405D8937C9E2}"
EndProject
Project("{2150E333-8FDC-42A3-9474-1A3956D46DE8}") = "Task5", "Task5", "{3FD90BA8-E790-4FFA-B9B7-0BC315B615E9}"
EndProject
Project("{FAE04EC0-301F-11D3-BF4B-00C04F79EFBC}") = "Tyuiu.NikolaevaAN.Sprint2.Task5.V13", "Tyuiu.NikolaevaAN.Sprint2.Task5.V13\Tyuiu.NikolaevaAN.Sprint2.Task5.V13.csproj", "{DF96FDC1-2280-4140-98EE-FDADEF256CC9}"
EndProject
Project("{FAE04EC0-301F-11D3-BF4B-00C04F79EFBC}") = "Tyuiu.NikolaevaAN.Sprint2.Task5.V13.Lib", "Tyuiu.NikolaevaAN.Sprint2.Task5.V13.Lib\Tyuiu.NikolaevaAN.Sprint2.Task5.V13.Lib.csproj", "{1818DFA2-A619-4D19-9332-7AD57DBF0B01}"
EndProject
Project("{FAE04EC0-301F-11D3-BF4B-00C04F79EFBC}") = "Tyuiu.NikolaevaAN.Sprint2.Task5.V13.Test", "Tyuiu.NikolaevaAN.Sprint2.Task5.V13.Test\Tyuiu.NikolaevaAN.Sprint2.Task5.V13.Test.csproj", "{D27B8125-9D97-4CB1-8712-FCCFFF251484}"
EndProject
Project("{2150E333-8FDC-42A3-9474-1A3956D46DE8}") = "Task6", "Task6", "{5F4F26BD-A0AA-465A-8446-9B9B09982C07}"
EndProject
Project("{FAE04EC0-301F-11D3-BF4B-00C04F79EFBC}") = "Tyuiu.NikolaevaAN.Sprint2.Task6.V2", "Tyuiu.NikolaevaAN.Sprint2.Task6.V2\Tyuiu.NikolaevaAN.Sprint2.Task6.V2.csproj", "{6DBC3D11-72E1-4F62-92F6-70252A227388}"
EndProject
Project("{FAE04EC0-301F-11D3-BF4B-00C04F79EFBC}") = "Tyuiu.NikolaevaAN.Sprint2.Task6.V2.Lib", "Tyuiu.NikolaevaAN.Sprint2.Task6.V2.Lib\Tyuiu.NikolaevaAN.Sprint2.Task6.V2.Lib.csproj", "{84F007C9-BA16-42F6-9CA0-7C5F82AEC405}"
EndProject
Project("{FAE04EC0-301F-11D3-BF4B-00C04F79EFBC}") = "Tyuiu.NikolaevaAN.Sprint2.Task6.V2.Test", "Tyuiu.NikolaevaAN.Sprint2.Task6.V2.Test\Tyuiu.NikolaevaAN.Sprint2.Task6.V2.Test.csproj", "{7E84220D-51CF-4D5B-88C1-DF7FA3994B8C}"
EndProject
Global
	GlobalSection(SolutionConfigurationPlatforms) = preSolution
		Debug|Any CPU = Debug|Any CPU
		Release|Any CPU = Release|Any CPU
	EndGlobalSection
	GlobalSection(ProjectConfigurationPlatforms) = postSolution
		{74D7D9F3-B1BE-4164-9C82-4681720210CA}.Debug|Any CPU.ActiveCfg = Debug|Any CPU
		{74D7D9F3-B1BE-4164-9C82-4681720210CA}.Debug|Any CPU.Build.0 = Debug|Any CPU
		{74D7D9F3-B1BE-4164-9C82-4681720210CA}.Release|Any CPU.ActiveCfg = Release|Any CPU
		{74D7D9F3-B1BE-4164-9C82-4681720210CA}.Release|Any CPU.Build.0 = Release|Any CPU
		{8ECB629A-BD3C-4755-8FB1-6DE9005939D9}.Debug|Any CPU.ActiveCfg = Debug|Any CPU
		{8ECB629A-BD3C-4755-8FB1-6DE9005939D9}.Debug|Any CPU.Build.0 = Debug|Any CPU
		{8ECB629A-BD3C-4755-8FB1-6DE9005939D9}.Release|Any CPU.ActiveCfg = Release|Any CPU
		{8ECB629A-BD3C-4755-8FB1-6DE9005939D9}.Release|Any CPU.Build.0 = Release|Any CPU
		{A544EED0-3C79-4C3A-AEE4-AA1B93676619}.Debug|Any CPU.ActiveCfg = Debug|Any CPU
		{A544EED0-3C79-4C3A-AEE4-AA1B93676619}.Debug|Any CPU.Build.0 = Debug|Any CPU
		{A544EED0-3C79-4C3A-AEE4-AA1B93676619}.Release|Any CPU.ActiveCfg = Release|Any CPU
		{A544EED0-3C79-4C3A-AEE4-AA1B93676619}.Release|Any CPU.Build.0 = Release|Any CPU
		{E75BBF48-1BD5-4D2B-8310-48437C3B1B46}.Debug|Any CPU.ActiveCfg = Debug|Any CPU
		{E75BBF48-1BD5-4D2B-8310-48437C3B1B46}.Debug|Any CPU.Build.0 = Debug|Any CPU
		{E75BBF48-1BD5-4D2B-8310-48437C3B1B46}.Release|Any CPU.ActiveCfg = Release|Any CPU
		{E75BBF48-1BD5-4D2B-8310-48437C3B1B46}.Release|Any CPU.Build.0 = Release|Any CPU
		{D3091E35-F287-4A0D-B16D-86ABED08B73D}.Debug|Any CPU.ActiveCfg = Debug|Any CPU
		{D3091E35-F287-4A0D-B16D-86ABED08B73D}.Debug|Any CPU.Build.0 = Debug|Any CPU
		{D3091E35-F287-4A0D-B16D-86ABED08B73D}.Release|Any CPU.ActiveCfg = Release|Any CPU
		{D3091E35-F287-4A0D-B16D-86ABED08B73D}.Release|Any CPU.Build.0 = Release|Any CPU
		{BF146B65-B898-42E8-908A-780ADDB63DFA}.Debug|Any CPU.ActiveCfg = Debug|Any CPU
		{BF146B65-B898-42E8-908A-780ADDB63DFA}.Debug|Any CPU.Build.0 = Debug|Any CPU
		{BF146B65-B898-42E8-908A-780ADDB63DFA}.Release|Any CPU.ActiveCfg = Release|Any CPU
		{BF146B65-B898-42E8-908A-780ADDB63DFA}.Release|Any CPU.Build.0 = Release|Any CPU
		{4773F4E0-622C-4103-8FED-91ED25AA848D}.Debug|Any CPU.ActiveCfg = Debug|Any CPU
		{4773F4E0-622C-4103-8FED-91ED25AA848D}.Debug|Any CPU.Build.0 = Debug|Any CPU
		{4773F4E0-622C-4103-8FED-91ED25AA848D}.Release|Any CPU.ActiveCfg = Release|Any CPU
		{4773F4E0-622C-4103-8FED-91ED25AA848D}.Release|Any CPU.Build.0 = Release|Any CPU
		{A2240CA0-B87D-438E-91ED-51D6593FC243}.Debug|Any CPU.ActiveCfg = Debug|Any CPU
		{A2240CA0-B87D-438E-91ED-51D6593FC243}.Debug|Any CPU.Build.0 = Debug|Any CPU
		{A2240CA0-B87D-438E-91ED-51D6593FC243}.Release|Any CPU.ActiveCfg = Release|Any CPU
		{A2240CA0-B87D-438E-91ED-51D6593FC243}.Release|Any CPU.Build.0 = Release|Any CPU
		{359FEF88-7D99-4B9A-95FE-E4CBC66E3E2F}.Debug|Any CPU.ActiveCfg = Debug|Any CPU
		{359FEF88-7D99-4B9A-95FE-E4CBC66E3E2F}.Debug|Any CPU.Build.0 = Debug|Any CPU
		{359FEF88-7D99-4B9A-95FE-E4CBC66E3E2F}.Release|Any CPU.ActiveCfg = Release|Any CPU
		{359FEF88-7D99-4B9A-95FE-E4CBC66E3E2F}.Release|Any CPU.Build.0 = Release|Any CPU
		{E1406D3D-2C8B-412F-B3E6-ED4EB8EEC182}.Debug|Any CPU.ActiveCfg = Debug|Any CPU
		{E1406D3D-2C8B-412F-B3E6-ED4EB8EEC182}.Debug|Any CPU.Build.0 = Debug|Any CPU
		{E1406D3D-2C8B-412F-B3E6-ED4EB8EEC182}.Release|Any CPU.ActiveCfg = Release|Any CPU
		{E1406D3D-2C8B-412F-B3E6-ED4EB8EEC182}.Release|Any CPU.Build.0 = Release|Any CPU
		{9DF5A42F-DDA9-41E6-AA67-C3861CCA380A}.Debug|Any CPU.ActiveCfg = Debug|Any CPU
		{9DF5A42F-DDA9-41E6-AA67-C3861CCA380A}.Debug|Any CPU.Build.0 = Debug|Any CPU
		{9DF5A42F-DDA9-41E6-AA67-C3861CCA380A}.Release|Any CPU.ActiveCfg = Release|Any CPU
		{9DF5A42F-DDA9-41E6-AA67-C3861CCA380A}.Release|Any CPU.Build.0 = Release|Any CPU
		{75900B72-5293-49FD-921F-535E67820943}.Debug|Any CPU.ActiveCfg = Debug|Any CPU
		{75900B72-5293-49FD-921F-535E67820943}.Debug|Any CPU.Build.0 = Debug|Any CPU
		{75900B72-5293-49FD-921F-535E67820943}.Release|Any CPU.ActiveCfg = Release|Any CPU
		{75900B72-5293-49FD-921F-535E67820943}.Release|Any CPU.Build.0 = Release|Any CPU
		{4AC969C3-D1CE-42D6-9C16-A8AC43048B6E}.Debug|Any CPU.ActiveCfg = Debug|Any CPU
		{4AC969C3-D1CE-42D6-9C16-A8AC43048B6E}.Debug|Any CPU.Build.0 = Debug|Any CPU
		{4AC969C3-D1CE-42D6-9C16-A8AC43048B6E}.Release|Any CPU.ActiveCfg = Release|Any CPU
		{4AC969C3-D1CE-42D6-9C16-A8AC43048B6E}.Release|Any CPU.Build.0 = Release|Any CPU
		{B3D57165-5ECF-428E-9267-23BBEE523B80}.Debug|Any CPU.ActiveCfg = Debug|Any CPU
		{B3D57165-5ECF-428E-9267-23BBEE523B80}.Debug|Any CPU.Build.0 = Debug|Any CPU
		{B3D57165-5ECF-428E-9267-23BBEE523B80}.Release|Any CPU.ActiveCfg = Release|Any CPU
		{B3D57165-5ECF-428E-9267-23BBEE523B80}.Release|Any CPU.Build.0 = Release|Any CPU
		{1727EEF7-3F09-456E-A901-405D8937C9E2}.Debug|Any CPU.ActiveCfg = Debug|Any CPU
		{1727EEF7-3F09-456E-A901-405D8937C9E2}.Debug|Any CPU.Build.0 = Debug|Any CPU
		{1727EEF7-3F09-456E-A901-405D8937C9E2}.Release|Any CPU.ActiveCfg = Release|Any CPU
		{1727EEF7-3F09-456E-A901-405D8937C9E2}.Release|Any CPU.Build.0 = Release|Any CPU
		{DF96FDC1-2280-4140-98EE-FDADEF256CC9}.Debug|Any CPU.ActiveCfg = Debug|Any CPU
		{DF96FDC1-2280-4140-98EE-FDADEF256CC9}.Debug|Any CPU.Build.0 = Debug|Any CPU
		{DF96FDC1-2280-4140-98EE-FDADEF256CC9}.Release|Any CPU.ActiveCfg = Release|Any CPU
		{DF96FDC1-2280-4140-98EE-FDADEF256CC9}.Release|Any CPU.Build.0 = Release|Any CPU
		{1818DFA2-A619-4D19-9332-7AD57DBF0B01}.Debug|Any CPU.ActiveCfg = Debug|Any CPU
		{1818DFA2-A619-4D19-9332-7AD57DBF0B01}.Debug|Any CPU.Build.0 = Debug|Any CPU
		{1818DFA2-A619-4D19-9332-7AD57DBF0B01}.Release|Any CPU.ActiveCfg = Release|Any CPU
		{1818DFA2-A619-4D19-9332-7AD57DBF0B01}.Release|Any CPU.Build.0 = Release|Any CPU
		{D27B8125-9D97-4CB1-8712-FCCFFF251484}.Debug|Any CPU.ActiveCfg = Debug|Any CPU
		{D27B8125-9D97-4CB1-8712-FCCFFF251484}.Debug|Any CPU.Build.0 = Debug|Any CPU
		{D27B8125-9D97-4CB1-8712-FCCFFF251484}.Release|Any CPU.ActiveCfg = Release|Any CPU
		{D27B8125-9D97-4CB1-8712-FCCFFF251484}.Release|Any CPU.Build.0 = Release|Any CPU
		{6DBC3D11-72E1-4F62-92F6-70252A227388}.Debug|Any CPU.ActiveCfg = Debug|Any CPU
		{6DBC3D11-72E1-4F62-92F6-70252A227388}.Debug|Any CPU.Build.0 = Debug|Any CPU
		{6DBC3D11-72E1-4F62-92F6-70252A227388}.Release|Any CPU.ActiveCfg = Release|Any CPU
		{6DBC3D11-72E1-4F62-92F6-70252A227388}.Release|Any CPU.Build.0 = Release|Any CPU
		{84F007C9-BA16-42F6-9CA0-7C5F82AEC405}.Debug|Any CPU.ActiveCfg = Debug|Any CPU
		{84F007C9-BA16-42F6-9CA0-7C5F82AEC405}.Debug|Any CPU.Build.0 = Debug|Any CPU
		{84F007C9-BA16-42F6-9CA0-7C5F82AEC405}.Release|Any CPU.ActiveCfg = Release|Any CPU
		{84F007C9-BA16-42F6-9CA0-7C5F82AEC405}.Release|Any CPU.Build.0 = Release|Any CPU
		{7E84220D-51CF-4D5B-88C1-DF7FA3994B8C}.Debug|Any CPU.ActiveCfg = Debug|Any CPU
		{7E84220D-51CF-4D5B-88C1-DF7FA3994B8C}.Debug|Any CPU.Build.0 = Debug|Any CPU
		{7E84220D-51CF-4D5B-88C1-DF7FA3994B8C}.Release|Any CPU.ActiveCfg = Release|Any CPU
		{7E84220D-51CF-4D5B-88C1-DF7FA3994B8C}.Release|Any CPU.Build.0 = Release|Any CPU
	EndGlobalSection
	GlobalSection(SolutionProperties) = preSolution
		HideSolutionNode = FALSE
	EndGlobalSection
	GlobalSection(NestedProjects) = preSolution
		{74D7D9F3-B1BE-4164-9C82-4681720210CA} = {2B5BAFB4-189D-48E1-8995-6D4168724EA2}
		{8ECB629A-BD3C-4755-8FB1-6DE9005939D9} = {2B5BAFB4-189D-48E1-8995-6D4168724EA2}
		{A544EED0-3C79-4C3A-AEE4-AA1B93676619} = {2B5BAFB4-189D-48E1-8995-6D4168724EA2}
		{E75BBF48-1BD5-4D2B-8310-48437C3B1B46} = {0DDFA950-DF52-45B5-9331-CAF46E1585CE}
		{D3091E35-F287-4A0D-B16D-86ABED08B73D} = {0DDFA950-DF52-45B5-9331-CAF46E1585CE}
		{BF146B65-B898-42E8-908A-780ADDB63DFA} = {0DDFA950-DF52-45B5-9331-CAF46E1585CE}
		{4773F4E0-622C-4103-8FED-91ED25AA848D} = {2079C117-4328-4E30-85F6-F33F83735957}
		{A2240CA0-B87D-438E-91ED-51D6593FC243} = {2079C117-4328-4E30-85F6-F33F83735957}
		{359FEF88-7D99-4B9A-95FE-E4CBC66E3E2F} = {2079C117-4328-4E30-85F6-F33F83735957}
		{E1406D3D-2C8B-412F-B3E6-ED4EB8EEC182} = {E3550D4B-CA27-4C5D-BF57-DF11E07245C9}
		{9DF5A42F-DDA9-41E6-AA67-C3861CCA380A} = {E3550D4B-CA27-4C5D-BF57-DF11E07245C9}
		{75900B72-5293-49FD-921F-535E67820943} = {E3550D4B-CA27-4C5D-BF57-DF11E07245C9}
		{4AC969C3-D1CE-42D6-9C16-A8AC43048B6E} = {3670190A-A94E-48F3-8D93-CAF6CD3CC5DA}
		{B3D57165-5ECF-428E-9267-23BBEE523B80} = {3670190A-A94E-48F3-8D93-CAF6CD3CC5DA}
		{1727EEF7-3F09-456E-A901-405D8937C9E2} = {3670190A-A94E-48F3-8D93-CAF6CD3CC5DA}
		{DF96FDC1-2280-4140-98EE-FDADEF256CC9} = {3FD90BA8-E790-4FFA-B9B7-0BC315B615E9}
		{1818DFA2-A619-4D19-9332-7AD57DBF0B01} = {3FD90BA8-E790-4FFA-B9B7-0BC315B615E9}
		{D27B8125-9D97-4CB1-8712-FCCFFF251484} = {3FD90BA8-E790-4FFA-B9B7-0BC315B615E9}
		{6DBC3D11-72E1-4F62-92F6-70252A227388} = {5F4F26BD-A0AA-465A-8446-9B9B09982C07}
		{84F007C9-BA16-42F6-9CA0-7C5F82AEC405} = {5F4F26BD-A0AA-465A-8446-9B9B09982C07}
		{7E84220D-51CF-4D5B-88C1-DF7FA3994B8C} = {5F4F26BD-A0AA-465A-8446-9B9B09982C07}
	EndGlobalSection
	GlobalSection(ExtensibilityGlobals) = postSolution
		SolutionGuid = {AB60326D-5A55-4A6A-A2A2-8A1AB0B98225}
	EndGlobalSection
EndGlobal
